
Microsoft Visual Studio Solution File, Format Version 12.00
# Visual Studio Version 17
VisualStudioVersion = 17.13.35825.156 d17.13
MinimumVisualStudioVersion = 10.0.40219.1
Project("{FAE04EC0-301F-11D3-BF4B-00C04F79EFBC}") = "MinecraftAlpha", "MinecraftAlpha.csproj", "{9B10AA56-2B62-4F0F-8775-0F10D2293204}"
EndProject
Global
	GlobalSection(SolutionConfigurationPlatforms) = preSolution
		Debug|Any CPU = Debug|Any CPU
		Release|Any CPU = Release|Any CPU
	EndGlobalSection
	GlobalSection(ProjectConfigurationPlatforms) = postSolution
		{9B10AA56-2B62-4F0F-8775-0F10D2293204}.Debug|Any CPU.ActiveCfg = Debug|Any CPU
		{9B10AA56-2B62-4F0F-8775-0F10D2293204}.Debug|Any CPU.Build.0 = Debug|Any CPU
		{9B10AA56-2B62-4F0F-8775-0F10D2293204}.Release|Any CPU.ActiveCfg = Release|Any CPU
		{9B10AA56-2B62-4F0F-8775-0F10D2293204}.Release|Any CPU.Build.0 = Release|Any CPU
	EndGlobalSection
	GlobalSection(SolutionProperties) = preSolution
		HideSolutionNode = FALSE
	EndGlobalSection
	GlobalSection(ExtensibilityGlobals) = postSolution
		SolutionGuid = {95509C25-F65C-453F-8F65-C0BDE04DC67E}
	EndGlobalSection
EndGlobal
